
Microsoft Visual Studio Solution File, Format Version 12.00
# Visual Studio Version 17
VisualStudioVersion = 17.10.35013.160
MinimumVisualStudioVersion = 10.0.40219.1
Project("{FAE04EC0-301F-11D3-BF4B-00C04F79EFBC}") = "CodeFirst", "CodeFirst\CodeFirst.csproj", "{B094E619-1704-4216-85A6-7792BFD1CD37}"
EndProject
Global
	GlobalSection(SolutionConfigurationPlatforms) = preSolution
		Debug|Any CPU = Debug|Any CPU
		Release|Any CPU = Release|Any CPU
	EndGlobalSection
	GlobalSection(ProjectConfigurationPlatforms) = postSolution
		{B094E619-1704-4216-85A6-7792BFD1CD37}.Debug|Any CPU.ActiveCfg = Debug|Any CPU
		{B094E619-1704-4216-85A6-7792BFD1CD37}.Debug|Any CPU.Build.0 = Debug|Any CPU
		{B094E619-1704-4216-85A6-7792BFD1CD37}.Release|Any CPU.ActiveCfg = Release|Any CPU
		{B094E619-1704-4216-85A6-7792BFD1CD37}.Release|Any CPU.Build.0 = Release|Any CPU
	EndGlobalSection
	GlobalSection(SolutionProperties) = preSolution
		HideSolutionNode = FALSE
	EndGlobalSection
	GlobalSection(ExtensibilityGlobals) = postSolution
		SolutionGuid = {0BB1665A-8354-40C2-838C-E23202DB4811}
	EndGlobalSection
EndGlobal
