
Microsoft Visual Studio Solution File, Format Version 12.00
# Visual Studio Version 17
VisualStudioVersion = 17.10.35013.160
MinimumVisualStudioVersion = 10.0.40219.1
Project("{FAE04EC0-301F-11D3-BF4B-00C04F79EFBC}") = "Code", "Code\Code.csproj", "{C65BEBE8-0436-4DBA-AF07-5788A78EF7EC}"
EndProject
Global
	GlobalSection(SolutionConfigurationPlatforms) = preSolution
		Debug|Any CPU = Debug|Any CPU
		Release|Any CPU = Release|Any CPU
	EndGlobalSection
	GlobalSection(ProjectConfigurationPlatforms) = postSolution
		{C65BEBE8-0436-4DBA-AF07-5788A78EF7EC}.Debug|Any CPU.ActiveCfg = Debug|Any CPU
		{C65BEBE8-0436-4DBA-AF07-5788A78EF7EC}.Debug|Any CPU.Build.0 = Debug|Any CPU
		{C65BEBE8-0436-4DBA-AF07-5788A78EF7EC}.Release|Any CPU.ActiveCfg = Release|Any CPU
		{C65BEBE8-0436-4DBA-AF07-5788A78EF7EC}.Release|Any CPU.Build.0 = Release|Any CPU
	EndGlobalSection
	GlobalSection(SolutionProperties) = preSolution
		HideSolutionNode = FALSE
	EndGlobalSection
	GlobalSection(ExtensibilityGlobals) = postSolution
		SolutionGuid = {76C0F3DC-5FF4-4C78-9972-3E9A7464E51F}
	EndGlobalSection
EndGlobal
