
Microsoft Visual Studio Solution File, Format Version 12.00
# Visual Studio Version 17
VisualStudioVersion = 17.10.35013.160
MinimumVisualStudioVersion = 10.0.40219.1
Project("{FAE04EC0-301F-11D3-BF4B-00C04F79EFBC}") = "DBloginandreg", "DBloginandreg\DBloginandreg.csproj", "{601EC66E-9D3B-4673-BC77-34DB1287159A}"
EndProject
Global
	GlobalSection(SolutionConfigurationPlatforms) = preSolution
		Debug|Any CPU = Debug|Any CPU
		Release|Any CPU = Release|Any CPU
	EndGlobalSection
	GlobalSection(ProjectConfigurationPlatforms) = postSolution
		{601EC66E-9D3B-4673-BC77-34DB1287159A}.Debug|Any CPU.ActiveCfg = Debug|Any CPU
		{601EC66E-9D3B-4673-BC77-34DB1287159A}.Debug|Any CPU.Build.0 = Debug|Any CPU
		{601EC66E-9D3B-4673-BC77-34DB1287159A}.Release|Any CPU.ActiveCfg = Release|Any CPU
		{601EC66E-9D3B-4673-BC77-34DB1287159A}.Release|Any CPU.Build.0 = Release|Any CPU
	EndGlobalSection
	GlobalSection(SolutionProperties) = preSolution
		HideSolutionNode = FALSE
	EndGlobalSection
	GlobalSection(ExtensibilityGlobals) = postSolution
		SolutionGuid = {CA9A3894-849B-4C15-93D2-C3371550AA18}
	EndGlobalSection
EndGlobal
