
Microsoft Visual Studio Solution File, Format Version 12.00
# Visual Studio Version 17
VisualStudioVersion = 17.10.35013.160
MinimumVisualStudioVersion = 10.0.40219.1
Project("{FAE04EC0-301F-11D3-BF4B-00C04F79EFBC}") = "Task4 7-25-2024", "Task4 7-25-2024\Task4 7-25-2024.csproj", "{71BA1479-FA77-4BF2-AC3C-50F2F11306B1}"
EndProject
Global
	GlobalSection(SolutionConfigurationPlatforms) = preSolution
		Debug|Any CPU = Debug|Any CPU
		Release|Any CPU = Release|Any CPU
	EndGlobalSection
	GlobalSection(ProjectConfigurationPlatforms) = postSolution
		{71BA1479-FA77-4BF2-AC3C-50F2F11306B1}.Debug|Any CPU.ActiveCfg = Debug|Any CPU
		{71BA1479-FA77-4BF2-AC3C-50F2F11306B1}.Debug|Any CPU.Build.0 = Debug|Any CPU
		{71BA1479-FA77-4BF2-AC3C-50F2F11306B1}.Release|Any CPU.ActiveCfg = Release|Any CPU
		{71BA1479-FA77-4BF2-AC3C-50F2F11306B1}.Release|Any CPU.Build.0 = Release|Any CPU
	EndGlobalSection
	GlobalSection(SolutionProperties) = preSolution
		HideSolutionNode = FALSE
	EndGlobalSection
	GlobalSection(ExtensibilityGlobals) = postSolution
		SolutionGuid = {4FD0823F-494E-4C66-816C-6AE3C0FAEBA2}
	EndGlobalSection
EndGlobal
